// !$*UTF8*$!
{
	archiveVersion = 1;
	classes = {
	};
	objectVersion = 55;
	objects = {

/* Begin PBXBuildFile section */
		54661F3627B80BB8008A1092 /* FavoriteButton.swift in Sources */ = {isa = PBXBuildFile; fileRef = 54661F3527B80BB8008A1092 /* FavoriteButton.swift */; };
		54FF742827B7B8270096B272 /* LandmarksApp.swift in Sources */ = {isa = PBXBuildFile; fileRef = 54FF742727B7B8270096B272 /* LandmarksApp.swift */; };
		54FF742A27B7B8270096B272 /* ContentView.swift in Sources */ = {isa = PBXBuildFile; fileRef = 54FF742927B7B8270096B272 /* ContentView.swift */; };
		54FF742C27B7B8280096B272 /* Assets.xcassets in Resources */ = {isa = PBXBuildFile; fileRef = 54FF742B27B7B8280096B272 /* Assets.xcassets */; };
		54FF742F27B7B8280096B272 /* Preview Assets.xcassets in Resources */ = {isa = PBXBuildFile; fileRef = 54FF742E27B7B8280096B272 /* Preview Assets.xcassets */; };
		54FF743627B7BB280096B272 /* CircleImage.swift in Sources */ = {isa = PBXBuildFile; fileRef = 54FF743527B7BB280096B272 /* CircleImage.swift */; };
		54FF743827B7BD5F0096B272 /* MapView.swift in Sources */ = {isa = PBXBuildFile; fileRef = 54FF743727B7BD5F0096B272 /* MapView.swift */; };
		54FF743A27B7C06F0096B272 /* landmarkData.json in Resources */ = {isa = PBXBuildFile; fileRef = 54FF743927B7C06F0096B272 /* landmarkData.json */; };
		54FF743C27B7C0A00096B272 /* Landmark.swift in Sources */ = {isa = PBXBuildFile; fileRef = 54FF743B27B7C0A00096B272 /* Landmark.swift */; };
		54FF743E27B7C1600096B272 /* ModelData.swift in Sources */ = {isa = PBXBuildFile; fileRef = 54FF743D27B7C1600096B272 /* ModelData.swift */; };
		54FF744327B7C3A60096B272 /* LandmarkRow.swift in Sources */ = {isa = PBXBuildFile; fileRef = 54FF744227B7C3A60096B272 /* LandmarkRow.swift */; };
		54FF744527B7C5580096B272 /* LandmarkList.swift in Sources */ = {isa = PBXBuildFile; fileRef = 54FF744427B7C5580096B272 /* LandmarkList.swift */; };
		54FF744727B7C9690096B272 /* LandmarkDetail.swift in Sources */ = {isa = PBXBuildFile; fileRef = 54FF744627B7C9690096B272 /* LandmarkDetail.swift */; };
/* End PBXBuildFile section */

/* Begin PBXFileReference section */
		54661F3527B80BB8008A1092 /* FavoriteButton.swift */ = {isa = PBXFileReference; lastKnownFileType = sourcecode.swift; path = FavoriteButton.swift; sourceTree = "<group>"; };
		54FF742427B7B8270096B272 /* Landmarks.app */ = {isa = PBXFileReference; explicitFileType = wrapper.application; includeInIndex = 0; path = Landmarks.app; sourceTree = BUILT_PRODUCTS_DIR; };
		54FF742727B7B8270096B272 /* LandmarksApp.swift */ = {isa = PBXFileReference; lastKnownFileType = sourcecode.swift; path = LandmarksApp.swift; sourceTree = "<group>"; };
		54FF742927B7B8270096B272 /* ContentView.swift */ = {isa = PBXFileReference; lastKnownFileType = sourcecode.swift; path = ContentView.swift; sourceTree = "<group>"; };
		54FF742B27B7B8280096B272 /* Assets.xcassets */ = {isa = PBXFileReference; lastKnownFileType = folder.assetcatalog; path = Assets.xcassets; sourceTree = "<group>"; };
		54FF742E27B7B8280096B272 /* Preview Assets.xcassets */ = {isa = PBXFileReference; lastKnownFileType = folder.assetcatalog; path = "Preview Assets.xcassets"; sourceTree = "<group>"; };
		54FF743527B7BB280096B272 /* CircleImage.swift */ = {isa = PBXFileReference; lastKnownFileType = sourcecode.swift; path = CircleImage.swift; sourceTree = "<group>"; };
		54FF743727B7BD5F0096B272 /* MapView.swift */ = {isa = PBXFileReference; lastKnownFileType = sourcecode.swift; path = MapView.swift; sourceTree = "<group>"; };
		54FF743927B7C06F0096B272 /* landmarkData.json */ = {isa = PBXFileReference; fileEncoding = 4; lastKnownFileType = text.json; path = landmarkData.json; sourceTree = "<group>"; };
		54FF743B27B7C0A00096B272 /* Landmark.swift */ = {isa = PBXFileReference; lastKnownFileType = sourcecode.swift; path = Landmark.swift; sourceTree = "<group>"; };
		54FF743D27B7C1600096B272 /* ModelData.swift */ = {isa = PBXFileReference; lastKnownFileType = sourcecode.swift; path = ModelData.swift; sourceTree = "<group>"; };
		54FF744227B7C3A60096B272 /* LandmarkRow.swift */ = {isa = PBXFileReference; lastKnownFileType = sourcecode.swift; path = LandmarkRow.swift; sourceTree = "<group>"; };
		54FF744427B7C5580096B272 /* LandmarkList.swift */ = {isa = PBXFileReference; lastKnownFileType = sourcecode.swift; path = LandmarkList.swift; sourceTree = "<group>"; };
		54FF744627B7C9690096B272 /* LandmarkDetail.swift */ = {isa = PBXFileReference; lastKnownFileType = sourcecode.swift; path = LandmarkDetail.swift; sourceTree = "<group>"; };
/* End PBXFileReference section */

/* Begin PBXFrameworksBuildPhase section */
		54FF742127B7B8270096B272 /* Frameworks */ = {
			isa = PBXFrameworksBuildPhase;
			buildActionMask = 2147483647;
			files = (
			);
			runOnlyForDeploymentPostprocessing = 0;
		};
/* End PBXFrameworksBuildPhase section */

/* Begin PBXGroup section */
		54661F3727B80C8A008A1092 /* Landmarks */ = {
			isa = PBXGroup;
			children = (
				54FF744627B7C9690096B272 /* LandmarkDetail.swift */,
				54FF744427B7C5580096B272 /* LandmarkList.swift */,
				54FF744227B7C3A60096B272 /* LandmarkRow.swift */,
			);
			path = Landmarks;
			sourceTree = "<group>";
		};
		54661F3827B80C97008A1092 /* Helpers */ = {
			isa = PBXGroup;
			children = (
				54FF743527B7BB280096B272 /* CircleImage.swift */,
				54FF743727B7BD5F0096B272 /* MapView.swift */,
				54661F3527B80BB8008A1092 /* FavoriteButton.swift */,
			);
			path = Helpers;
			sourceTree = "<group>";
		};
		54FF741B27B7B8270096B272 = {
			isa = PBXGroup;
			children = (
				54FF742627B7B8270096B272 /* Landmarks */,
				54FF742527B7B8270096B272 /* Products */,
			);
			sourceTree = "<group>";
		};
		54FF742527B7B8270096B272 /* Products */ = {
			isa = PBXGroup;
			children = (
				54FF742427B7B8270096B272 /* Landmarks.app */,
			);
			name = Products;
			sourceTree = "<group>";
		};
		54FF742627B7B8270096B272 /* Landmarks */ = {
			isa = PBXGroup;
			children = (
				54FF742727B7B8270096B272 /* LandmarksApp.swift */,
				54FF743F27B7C1DE0096B272 /* Views */,
				54FF744027B7C1FC0096B272 /* Model */,
				54FF744127B7C20F0096B272 /* Resources */,
				54FF742B27B7B8280096B272 /* Assets.xcassets */,
				54FF742D27B7B8280096B272 /* Preview Content */,
			);
			path = Landmarks;
			sourceTree = "<group>";
		};
		54FF742D27B7B8280096B272 /* Preview Content */ = {
			isa = PBXGroup;
			children = (
				54FF742E27B7B8280096B272 /* Preview Assets.xcassets */,
			);
			path = "Preview Content";
			sourceTree = "<group>";
		};
		54FF743F27B7C1DE0096B272 /* Views */ = {
			isa = PBXGroup;
			children = (
				54FF742927B7B8270096B272 /* ContentView.swift */,
				54661F3727B80C8A008A1092 /* Landmarks */,
				54661F3827B80C97008A1092 /* Helpers */,
			);
			path = Views;
			sourceTree = "<group>";
		};
		54FF744027B7C1FC0096B272 /* Model */ = {
			isa = PBXGroup;
			children = (
				54FF743D27B7C1600096B272 /* ModelData.swift */,
				54FF743B27B7C0A00096B272 /* Landmark.swift */,
			);
			path = Model;
			sourceTree = "<group>";
		};
		54FF744127B7C20F0096B272 /* Resources */ = {
			isa = PBXGroup;
			children = (
				54FF743927B7C06F0096B272 /* landmarkData.json */,
			);
			path = Resources;
			sourceTree = "<group>";
		};
/* End PBXGroup section */

/* Begin PBXNativeTarget section */
		54FF742327B7B8270096B272 /* Landmarks */ = {
			isa = PBXNativeTarget;
			buildConfigurationList = 54FF743227B7B8280096B272 /* Build configuration list for PBXNativeTarget "Landmarks" */;
			buildPhases = (
				54FF742027B7B8270096B272 /* Sources */,
				54FF742127B7B8270096B272 /* Frameworks */,
				54FF742227B7B8270096B272 /* Resources */,
			);
			buildRules = (
			);
			dependencies = (
			);
			name = Landmarks;
			productName = Landmarks;
			productReference = 54FF742427B7B8270096B272 /* Landmarks.app */;
			productType = "com.apple.product-type.application";
		};
/* End PBXNativeTarget section */

/* Begin PBXProject section */
		54FF741C27B7B8270096B272 /* Project object */ = {
			isa = PBXProject;
			attributes = {
				BuildIndependentTargetsInParallel = 1;
				LastSwiftUpdateCheck = 1330;
				LastUpgradeCheck = 1330;
				TargetAttributes = {
					54FF742327B7B8270096B272 = {
						CreatedOnToolsVersion = 13.3;
					};
				};
			};
			buildConfigurationList = 54FF741F27B7B8270096B272 /* Build configuration list for PBXProject "Landmarks" */;
			compatibilityVersion = "Xcode 13.0";
			developmentRegion = en;
			hasScannedForEncodings = 0;
			knownRegions = (
				en,
				Base,
			);
			mainGroup = 54FF741B27B7B8270096B272;
			productRefGroup = 54FF742527B7B8270096B272 /* Products */;
			projectDirPath = "";
			projectRoot = "";
			targets = (
				54FF742327B7B8270096B272 /* Landmarks */,
			);
		};
/* End PBXProject section */

/* Begin PBXResourcesBuildPhase section */
		54FF742227B7B8270096B272 /* Resources */ = {
			isa = PBXResourcesBuildPhase;
			buildActionMask = 2147483647;
			files = (
				54FF742F27B7B8280096B272 /* Preview Assets.xcassets in Resources */,
				54FF742C27B7B8280096B272 /* Assets.xcassets in Resources */,
				54FF743A27B7C06F0096B272 /* landmarkData.json in Resources */,
			);
			runOnlyForDeploymentPostprocessing = 0;
		};
/* End PBXResourcesBuildPhase section */

/* Begin PBXSourcesBuildPhase section */
		54FF742027B7B8270096B272 /* Sources */ = {
			isa = PBXSourcesBuildPhase;
			buildActionMask = 2147483647;
			files = (
				54FF744327B7C3A60096B272 /* LandmarkRow.swift in Sources */,
				54FF742A27B7B8270096B272 /* ContentView.swift in Sources */,
				54FF743827B7BD5F0096B272 /* MapView.swift in Sources */,
				54661F3627B80BB8008A1092 /* FavoriteButton.swift in Sources */,
				54FF744527B7C5580096B272 /* LandmarkList.swift in Sources */,
				54FF744727B7C9690096B272 /* LandmarkDetail.swift in Sources */,
				54FF742827B7B8270096B272 /* LandmarksApp.swift in Sources */,
				54FF743627B7BB280096B272 /* CircleImage.swift in Sources */,
				54FF743C27B7C0A00096B272 /* Landmark.swift in Sources */,
				54FF743E27B7C1600096B272 /* ModelData.swift in Sources */,
			);
			runOnlyForDeploymentPostprocessing = 0;
		};
/* End PBXSourcesBuildPhase section */

/* Begin XCBuildConfiguration section */
		54FF743027B7B8280096B272 /* Debug */ = {
			isa = XCBuildConfiguration;
			buildSettings = {
				ALWAYS_SEARCH_USER_PATHS = NO;
				CLANG_ANALYZER_NONNULL = YES;
				CLANG_ANALYZER_NUMBER_OBJECT_CONVERSION = YES_AGGRESSIVE;
				CLANG_CXX_LANGUAGE_STANDARD = "gnu++17";
				CLANG_ENABLE_MODULES = YES;
				CLANG_ENABLE_OBJC_ARC = YES;
				CLANG_ENABLE_OBJC_WEAK = YES;
				CLANG_WARN_BLOCK_CAPTURE_AUTORELEASING = YES;
				CLANG_WARN_BOOL_CONVERSION = YES;
				CLANG_WARN_COMMA = YES;
				CLANG_WARN_CONSTANT_CONVERSION = YES;
				CLANG_WARN_DEPRECATED_OBJC_IMPLEMENTATIONS = YES;
				CLANG_WARN_DIRECT_OBJC_ISA_USAGE = YES_ERROR;
				CLANG_WARN_DOCUMENTATION_COMMENTS = YES;
				CLANG_WARN_EMPTY_BODY = YES;
				CLANG_WARN_ENUM_CONVERSION = YES;
				CLANG_WARN_INFINITE_RECURSION = YES;
				CLANG_WARN_INT_CONVERSION = YES;
				CLANG_WARN_NON_LITERAL_NULL_CONVERSION = YES;
				CLANG_WARN_OBJC_IMPLICIT_RETAIN_SELF = YES;
				CLANG_WARN_OBJC_LITERAL_CONVERSION = YES;
				CLANG_WARN_OBJC_ROOT_CLASS = YES_ERROR;
				CLANG_WARN_QUOTED_INCLUDE_IN_FRAMEWORK_HEADER = YES;
				CLANG_WARN_RANGE_LOOP_ANALYSIS = YES;
				CLANG_WARN_STRICT_PROTOTYPES = YES;
				CLANG_WARN_SUSPICIOUS_MOVE = YES;
				CLANG_WARN_UNGUARDED_AVAILABILITY = YES_AGGRESSIVE;
				CLANG_WARN_UNREACHABLE_CODE = YES;
				CLANG_WARN__DUPLICATE_METHOD_MATCH = YES;
				COPY_PHASE_STRIP = NO;
				DEBUG_INFORMATION_FORMAT = dwarf;
				ENABLE_STRICT_OBJC_MSGSEND = YES;
				ENABLE_TESTABILITY = YES;
				GCC_C_LANGUAGE_STANDARD = gnu11;
				GCC_DYNAMIC_NO_PIC = NO;
				GCC_NO_COMMON_BLOCKS = YES;
				GCC_OPTIMIZATION_LEVEL = 0;
				GCC_PREPROCESSOR_DEFINITIONS = (
					"DEBUG=1",
					"$(inherited)",
				);
				GCC_WARN_64_TO_32_BIT_CONVERSION = YES;
				GCC_WARN_ABOUT_RETURN_TYPE = YES_ERROR;
				GCC_WARN_UNDECLARED_SELECTOR = YES;
				GCC_WARN_UNINITIALIZED_AUTOS = YES_AGGRESSIVE;
				GCC_WARN_UNUSED_FUNCTION = YES;
				GCC_WARN_UNUSED_VARIABLE = YES;
				IPHONEOS_DEPLOYMENT_TARGET = 15.4;
				MTL_ENABLE_DEBUG_INFO = INCLUDE_SOURCE;
				MTL_FAST_MATH = YES;
				ONLY_ACTIVE_ARCH = YES;
				SDKROOT = iphoneos;
				SWIFT_ACTIVE_COMPILATION_CONDITIONS = DEBUG;
				SWIFT_OPTIMIZATION_LEVEL = "-Onone";
			};
			name = Debug;
		};
		54FF743127B7B8280096B272 /* Release */ = {
			isa = XCBuildConfiguration;
			buildSettings = {
				ALWAYS_SEARCH_USER_PATHS = NO;
				CLANG_ANALYZER_NONNULL = YES;
				CLANG_ANALYZER_NUMBER_OBJECT_CONVERSION = YES_AGGRESSIVE;
				CLANG_CXX_LANGUAGE_STANDARD = "gnu++17";
				CLANG_ENABLE_MODULES = YES;
				CLANG_ENABLE_OBJC_ARC = YES;
				CLANG_ENABLE_OBJC_WEAK = YES;
				CLANG_WARN_BLOCK_CAPTURE_AUTORELEASING = YES;
				CLANG_WARN_BOOL_CONVERSION = YES;
				CLANG_WARN_COMMA = YES;
				CLANG_WARN_CONSTANT_CONVERSION = YES;
				CLANG_WARN_DEPRECATED_OBJC_IMPLEMENTATIONS = YES;
				CLANG_WARN_DIRECT_OBJC_ISA_USAGE = YES_ERROR;
				CLANG_WARN_DOCUMENTATION_COMMENTS = YES;
				CLANG_WARN_EMPTY_BODY = YES;
				CLANG_WARN_ENUM_CONVERSION = YES;
				CLANG_WARN_INFINITE_RECURSION = YES;
				CLANG_WARN_INT_CONVERSION = YES;
				CLANG_WARN_NON_LITERAL_NULL_CONVERSION = YES;
				CLANG_WARN_OBJC_IMPLICIT_RETAIN_SELF = YES;
				CLANG_WARN_OBJC_LITERAL_CONVERSION = YES;
				CLANG_WARN_OBJC_ROOT_CLASS = YES_ERROR;
				CLANG_WARN_QUOTED_INCLUDE_IN_FRAMEWORK_HEADER = YES;
				CLANG_WARN_RANGE_LOOP_ANALYSIS = YES;
				CLANG_WARN_STRICT_PROTOTYPES = YES;
				CLANG_WARN_SUSPICIOUS_MOVE = YES;
				CLANG_WARN_UNGUARDED_AVAILABILITY = YES_AGGRESSIVE;
				CLANG_WARN_UNREACHABLE_CODE = YES;
				CLANG_WARN__DUPLICATE_METHOD_MATCH = YES;
				COPY_PHASE_STRIP = NO;
				DEBUG_INFORMATION_FORMAT = "dwarf-with-dsym";
				ENABLE_NS_ASSERTIONS = NO;
				ENABLE_STRICT_OBJC_MSGSEND = YES;
				GCC_C_LANGUAGE_STANDARD = gnu11;
				GCC_NO_COMMON_BLOCKS = YES;
				GCC_WARN_64_TO_32_BIT_CONVERSION = YES;
				GCC_WARN_ABOUT_RETURN_TYPE = YES_ERROR;
				GCC_WARN_UNDECLARED_SELECTOR = YES;
				GCC_WARN_UNINITIALIZED_AUTOS = YES_AGGRESSIVE;
				GCC_WARN_UNUSED_FUNCTION = YES;
				GCC_WARN_UNUSED_VARIABLE = YES;
				IPHONEOS_DEPLOYMENT_TARGET = 15.4;
				MTL_ENABLE_DEBUG_INFO = NO;
				MTL_FAST_MATH = YES;
				SDKROOT = iphoneos;
				SWIFT_COMPILATION_MODE = wholemodule;
				SWIFT_OPTIMIZATION_LEVEL = "-O";
				VALIDATE_PRODUCT = YES;
			};
			name = Release;
		};
		54FF743327B7B8280096B272 /* Debug */ = {
			isa = XCBuildConfiguration;
			buildSettings = {
				ASSETCATALOG_COMPILER_APPICON_NAME = AppIcon;
				ASSETCATALOG_COMPILER_GLOBAL_ACCENT_COLOR_NAME = AccentColor;
				CODE_SIGN_IDENTITY = "Apple Development";
				CODE_SIGN_STYLE = Automatic;
				CURRENT_PROJECT_VERSION = 1;
				DEVELOPMENT_ASSET_PATHS = "\"Landmarks/Preview Content\"";
				DEVELOPMENT_TEAM = 9GB3FK5KD8;
				ENABLE_PREVIEWS = YES;
				GENERATE_INFOPLIST_FILE = YES;
				INFOPLIST_KEY_UIApplicationSceneManifest_Generation = YES;
				INFOPLIST_KEY_UIApplicationSupportsIndirectInputEvents = YES;
				INFOPLIST_KEY_UILaunchScreen_Generation = YES;
				INFOPLIST_KEY_UISupportedInterfaceOrientations_iPad = "UIInterfaceOrientationPortrait UIInterfaceOrientationPortraitUpsideDown UIInterfaceOrientationLandscapeLeft UIInterfaceOrientationLandscapeRight";
				INFOPLIST_KEY_UISupportedInterfaceOrientations_iPhone = "UIInterfaceOrientationPortrait UIInterfaceOrientationLandscapeLeft UIInterfaceOrientationLandscapeRight";
				IPHONEOS_DEPLOYMENT_TARGET = 15.0;
				LD_RUNPATH_SEARCH_PATHS = (
					"$(inherited)",
					"@executable_path/Frameworks",
				);
				MARKETING_VERSION = 1.0;
				PRODUCT_BUNDLE_IDENTIFIER = com.lowjungxuan.Landmarks;
				PRODUCT_NAME = "$(TARGET_NAME)";
				PROVISIONING_PROFILE_SPECIFIER = "";
				SWIFT_EMIT_LOC_STRINGS = YES;
				SWIFT_VERSION = 5.0;
				TARGETED_DEVICE_FAMILY = "1,2";
			};
			name = Debug;
		};
		54FF743427B7B8280096B272 /* Release */ = {
			isa = XCBuildConfiguration;
			buildSettings = {
				ASSETCATALOG_COMPILER_APPICON_NAME = AppIcon;
				ASSETCATALOG_COMPILER_GLOBAL_ACCENT_COLOR_NAME = AccentColor;
				CODE_SIGN_IDENTITY = "Apple Development";
				CODE_SIGN_STYLE = Automatic;
				CURRENT_PROJECT_VERSION = 1;
				DEVELOPMENT_ASSET_PATHS = "\"Landmarks/Preview Content\"";
				DEVELOPMENT_TEAM = 9GB3FK5KD8;
				ENABLE_PREVIEWS = YES;
				GENERATE_INFOPLIST_FILE = YES;
				INFOPLIST_KEY_UIApplicationSceneManifest_Generation = YES;
				INFOPLIST_KEY_UIApplicationSupportsIndirectInputEvents = YES;
				INFOPLIST_KEY_UILaunchScreen_Generation = YES;
				INFOPLIST_KEY_UISupportedInterfaceOrientations_iPad = "UIInterfaceOrientationPortrait UIInterfaceOrientationPortraitUpsideDown UIInterfaceOrientationLandscapeLeft UIInterfaceOrientationLandscapeRight";
				INFOPLIST_KEY_UISupportedInterfaceOrientations_iPhone = "UIInterfaceOrientationPortrait UIInterfaceOrientationLandscapeLeft UIInterfaceOrientationLandscapeRight";
				IPHONEOS_DEPLOYMENT_TARGET = 15.0;
				LD_RUNPATH_SEARCH_PATHS = (
					"$(inherited)",
					"@executable_path/Frameworks",
				);
				MARKETING_VERSION = 1.0;
				PRODUCT_BUNDLE_IDENTIFIER = com.lowjungxuan.Landmarks;
				PRODUCT_NAME = "$(TARGET_NAME)";
				PROVISIONING_PROFILE_SPECIFIER = "";
				SWIFT_EMIT_LOC_STRINGS = YES;
				SWIFT_VERSION = 5.0;
				TARGETED_DEVICE_FAMILY = "1,2";
			};
			name = Release;
		};
/* End XCBuildConfiguration section */

/* Begin XCConfigurationList section */
		54FF741F27B7B8270096B272 /* Build configuration list for PBXProject "Landmarks" */ = {
			isa = XCConfigurationList;
			buildConfigurations = (
				54FF743027B7B8280096B272 /* Debug */,
				54FF743127B7B8280096B272 /* Release */,
			);
			defaultConfigurationIsVisible = 0;
			defaultConfigurationName = Release;
		};
		54FF743227B7B8280096B272 /* Build configuration list for PBXNativeTarget "Landmarks" */ = {
			isa = XCConfigurationList;
			buildConfigurations = (
				54FF743327B7B8280096B272 /* Debug */,
				54FF743427B7B8280096B272 /* Release */,
			);
			defaultConfigurationIsVisible = 0;
			defaultConfigurationName = Release;
		};
/* End XCConfigurationList section */
	};
	rootObject = 54FF741C27B7B8270096B272 /* Project object */;
}
